
Microsoft Visual Studio Solution File, Format Version 12.00
# Visual Studio Version 17
VisualStudioVersion = 17.5.33424.131
MinimumVisualStudioVersion = 10.0.40219.1
Project("{2150E333-8FDC-42A3-9474-1A3956D46DE8}") = "Api", "Api", "{035CEA74-A56D-42B8-9423-3EEF4108B9D3}"
EndProject
Project("{2150E333-8FDC-42A3-9474-1A3956D46DE8}") = "Core", "Core", "{DDC46831-9B59-4C03-9BAF-A6C06ABEE305}"
EndProject
Project("{2150E333-8FDC-42A3-9474-1A3956D46DE8}") = "Infra", "Infra", "{D8F7769A-0077-46EE-A248-04A410BFAA03}"
EndProject
Project("{2150E333-8FDC-42A3-9474-1A3956D46DE8}") = "Shared", "Shared", "{7104F739-0643-4A85-B072-EBD950BC5A06}"
EndProject
Project("{9A19103F-16F7-4668-BE54-9A1E7A4F7556}") = "Domain", "Domain\Domain.csproj", "{E9291DF6-68FE-469B-BE9C-A56A7742EE61}"
EndProject
Project("{9A19103F-16F7-4668-BE54-9A1E7A4F7556}") = "Aplication", "Aplication\Aplication.csproj", "{07737BD4-16A4-413B-8FEC-BD9FF55670F3}"
EndProject
Project("{9A19103F-16F7-4668-BE54-9A1E7A4F7556}") = "Api", "Api\Api.csproj", "{B3F5D886-3FCE-4C0D-B6CB-FADFE08D9DE2}"
EndProject
Project("{9A19103F-16F7-4668-BE54-9A1E7A4F7556}") = "Repository", "Repository\Repository.csproj", "{5646D8D3-531B-4692-B193-1291835CBB9B}"
EndProject
Project("{9A19103F-16F7-4668-BE54-9A1E7A4F7556}") = "Interfaces", "Interfaces\Interfaces.csproj", "{FBD1FAE5-91A9-48D4-B0E3-A78B66710025}"
EndProject
Project("{9A19103F-16F7-4668-BE54-9A1E7A4F7556}") = "IOC", "IOC\IOC.csproj", "{0885B1A1-6EFE-4AE2-9BB7-7DDB57F34A1C}"
EndProject
Project("{9A19103F-16F7-4668-BE54-9A1E7A4F7556}") = "Dtos", "Dtos\Dtos.csproj", "{C305F9EF-27D4-47FA-963D-CC4A0D1B1CCD}"
EndProject
Project("{E53339B2-1760-4266-BCC7-CA923CBCF16C}") = "docker-compose", "docker-compose.dcproj", "{4B391C0C-631B-40EB-9170-5D962A031328}"
EndProject
Global
	GlobalSection(SolutionConfigurationPlatforms) = preSolution
		Debug|Any CPU = Debug|Any CPU
		Release|Any CPU = Release|Any CPU
	EndGlobalSection
	GlobalSection(ProjectConfigurationPlatforms) = postSolution
		{E9291DF6-68FE-469B-BE9C-A56A7742EE61}.Debug|Any CPU.ActiveCfg = Debug|Any CPU
		{E9291DF6-68FE-469B-BE9C-A56A7742EE61}.Debug|Any CPU.Build.0 = Debug|Any CPU
		{E9291DF6-68FE-469B-BE9C-A56A7742EE61}.Release|Any CPU.ActiveCfg = Release|Any CPU
		{E9291DF6-68FE-469B-BE9C-A56A7742EE61}.Release|Any CPU.Build.0 = Release|Any CPU
		{07737BD4-16A4-413B-8FEC-BD9FF55670F3}.Debug|Any CPU.ActiveCfg = Debug|Any CPU
		{07737BD4-16A4-413B-8FEC-BD9FF55670F3}.Debug|Any CPU.Build.0 = Debug|Any CPU
		{07737BD4-16A4-413B-8FEC-BD9FF55670F3}.Release|Any CPU.ActiveCfg = Release|Any CPU
		{07737BD4-16A4-413B-8FEC-BD9FF55670F3}.Release|Any CPU.Build.0 = Release|Any CPU
		{B3F5D886-3FCE-4C0D-B6CB-FADFE08D9DE2}.Debug|Any CPU.ActiveCfg = Debug|Any CPU
		{B3F5D886-3FCE-4C0D-B6CB-FADFE08D9DE2}.Debug|Any CPU.Build.0 = Debug|Any CPU
		{B3F5D886-3FCE-4C0D-B6CB-FADFE08D9DE2}.Release|Any CPU.ActiveCfg = Release|Any CPU
		{B3F5D886-3FCE-4C0D-B6CB-FADFE08D9DE2}.Release|Any CPU.Build.0 = Release|Any CPU
		{5646D8D3-531B-4692-B193-1291835CBB9B}.Debug|Any CPU.ActiveCfg = Debug|Any CPU
		{5646D8D3-531B-4692-B193-1291835CBB9B}.Debug|Any CPU.Build.0 = Debug|Any CPU
		{5646D8D3-531B-4692-B193-1291835CBB9B}.Release|Any CPU.ActiveCfg = Release|Any CPU
		{5646D8D3-531B-4692-B193-1291835CBB9B}.Release|Any CPU.Build.0 = Release|Any CPU
		{FBD1FAE5-91A9-48D4-B0E3-A78B66710025}.Debug|Any CPU.ActiveCfg = Debug|Any CPU
		{FBD1FAE5-91A9-48D4-B0E3-A78B66710025}.Debug|Any CPU.Build.0 = Debug|Any CPU
		{FBD1FAE5-91A9-48D4-B0E3-A78B66710025}.Release|Any CPU.ActiveCfg = Release|Any CPU
		{FBD1FAE5-91A9-48D4-B0E3-A78B66710025}.Release|Any CPU.Build.0 = Release|Any CPU
		{0885B1A1-6EFE-4AE2-9BB7-7DDB57F34A1C}.Debug|Any CPU.ActiveCfg = Debug|Any CPU
		{0885B1A1-6EFE-4AE2-9BB7-7DDB57F34A1C}.Debug|Any CPU.Build.0 = Debug|Any CPU
		{0885B1A1-6EFE-4AE2-9BB7-7DDB57F34A1C}.Release|Any CPU.ActiveCfg = Release|Any CPU
		{0885B1A1-6EFE-4AE2-9BB7-7DDB57F34A1C}.Release|Any CPU.Build.0 = Release|Any CPU
		{C305F9EF-27D4-47FA-963D-CC4A0D1B1CCD}.Debug|Any CPU.ActiveCfg = Debug|Any CPU
		{C305F9EF-27D4-47FA-963D-CC4A0D1B1CCD}.Debug|Any CPU.Build.0 = Debug|Any CPU
		{C305F9EF-27D4-47FA-963D-CC4A0D1B1CCD}.Release|Any CPU.ActiveCfg = Release|Any CPU
		{C305F9EF-27D4-47FA-963D-CC4A0D1B1CCD}.Release|Any CPU.Build.0 = Release|Any CPU
		{4B391C0C-631B-40EB-9170-5D962A031328}.Debug|Any CPU.ActiveCfg = Debug|Any CPU
		{4B391C0C-631B-40EB-9170-5D962A031328}.Debug|Any CPU.Build.0 = Debug|Any CPU
		{4B391C0C-631B-40EB-9170-5D962A031328}.Release|Any CPU.ActiveCfg = Release|Any CPU
		{4B391C0C-631B-40EB-9170-5D962A031328}.Release|Any CPU.Build.0 = Release|Any CPU
	EndGlobalSection
	GlobalSection(SolutionProperties) = preSolution
		HideSolutionNode = FALSE
	EndGlobalSection
	GlobalSection(NestedProjects) = preSolution
		{E9291DF6-68FE-469B-BE9C-A56A7742EE61} = {DDC46831-9B59-4C03-9BAF-A6C06ABEE305}
		{07737BD4-16A4-413B-8FEC-BD9FF55670F3} = {DDC46831-9B59-4C03-9BAF-A6C06ABEE305}
		{B3F5D886-3FCE-4C0D-B6CB-FADFE08D9DE2} = {035CEA74-A56D-42B8-9423-3EEF4108B9D3}
		{5646D8D3-531B-4692-B193-1291835CBB9B} = {D8F7769A-0077-46EE-A248-04A410BFAA03}
		{FBD1FAE5-91A9-48D4-B0E3-A78B66710025} = {7104F739-0643-4A85-B072-EBD950BC5A06}
		{0885B1A1-6EFE-4AE2-9BB7-7DDB57F34A1C} = {D8F7769A-0077-46EE-A248-04A410BFAA03}
		{C305F9EF-27D4-47FA-963D-CC4A0D1B1CCD} = {7104F739-0643-4A85-B072-EBD950BC5A06}
	EndGlobalSection
	GlobalSection(ExtensibilityGlobals) = postSolution
		SolutionGuid = {B9E5E33F-AD9B-43AC-B2BC-BDC8EBA0BA46}
	EndGlobalSection
EndGlobal
