
Microsoft Visual Studio Solution File, Format Version 12.00
# Visual Studio Version 17
VisualStudioVersion = 17.5.33424.131
MinimumVisualStudioVersion = 10.0.40219.1
Project("{2150E333-8FDC-42A3-9474-1A3956D46DE8}") = "Api", "Api", "{035CEA74-A56D-42B8-9423-3EEF4108B9D3}"
EndProject
Project("{2150E333-8FDC-42A3-9474-1A3956D46DE8}") = "Core", "Core", "{DDC46831-9B59-4C03-9BAF-A6C06ABEE305}"
EndProject
Project("{2150E333-8FDC-42A3-9474-1A3956D46DE8}") = "Infra", "Infra", "{D8F7769A-0077-46EE-A248-04A410BFAA03}"
EndProject
Project("{2150E333-8FDC-42A3-9474-1A3956D46DE8}") = "Shared", "Shared", "{7104F739-0643-4A85-B072-EBD950BC5A06}"
EndProject
Project("{FAE04EC0-301F-11D3-BF4B-00C04F79EFBC}") = "Domain", "Domain\Domain.csproj", "{E9291DF6-68FE-469B-BE9C-A56A7742EE61}"
EndProject
Project("{FAE04EC0-301F-11D3-BF4B-00C04F79EFBC}") = "Aplication", "Aplication\Aplication.csproj", "{07737BD4-16A4-413B-8FEC-BD9FF55670F3}"
EndProject
Project("{FAE04EC0-301F-11D3-BF4B-00C04F79EFBC}") = "Api", "Api\Api.csproj", "{B3F5D886-3FCE-4C0D-B6CB-FADFE08D9DE2}"
EndProject
Global
	GlobalSection(SolutionConfigurationPlatforms) = preSolution
		Debug|Any CPU = Debug|Any CPU
		Release|Any CPU = Release|Any CPU
	EndGlobalSection
	GlobalSection(ProjectConfigurationPlatforms) = postSolution
		{E9291DF6-68FE-469B-BE9C-A56A7742EE61}.Debug|Any CPU.ActiveCfg = Debug|Any CPU
		{E9291DF6-68FE-469B-BE9C-A56A7742EE61}.Debug|Any CPU.Build.0 = Debug|Any CPU
		{E9291DF6-68FE-469B-BE9C-A56A7742EE61}.Release|Any CPU.ActiveCfg = Release|Any CPU
		{E9291DF6-68FE-469B-BE9C-A56A7742EE61}.Release|Any CPU.Build.0 = Release|Any CPU
		{07737BD4-16A4-413B-8FEC-BD9FF55670F3}.Debug|Any CPU.ActiveCfg = Debug|Any CPU
		{07737BD4-16A4-413B-8FEC-BD9FF55670F3}.Debug|Any CPU.Build.0 = Debug|Any CPU
		{07737BD4-16A4-413B-8FEC-BD9FF55670F3}.Release|Any CPU.ActiveCfg = Release|Any CPU
		{07737BD4-16A4-413B-8FEC-BD9FF55670F3}.Release|Any CPU.Build.0 = Release|Any CPU
		{B3F5D886-3FCE-4C0D-B6CB-FADFE08D9DE2}.Debug|Any CPU.ActiveCfg = Debug|Any CPU
		{B3F5D886-3FCE-4C0D-B6CB-FADFE08D9DE2}.Debug|Any CPU.Build.0 = Debug|Any CPU
		{B3F5D886-3FCE-4C0D-B6CB-FADFE08D9DE2}.Release|Any CPU.ActiveCfg = Release|Any CPU
		{B3F5D886-3FCE-4C0D-B6CB-FADFE08D9DE2}.Release|Any CPU.Build.0 = Release|Any CPU
	EndGlobalSection
	GlobalSection(SolutionProperties) = preSolution
		HideSolutionNode = FALSE
	EndGlobalSection
	GlobalSection(NestedProjects) = preSolution
		{E9291DF6-68FE-469B-BE9C-A56A7742EE61} = {DDC46831-9B59-4C03-9BAF-A6C06ABEE305}
		{07737BD4-16A4-413B-8FEC-BD9FF55670F3} = {DDC46831-9B59-4C03-9BAF-A6C06ABEE305}
		{B3F5D886-3FCE-4C0D-B6CB-FADFE08D9DE2} = {035CEA74-A56D-42B8-9423-3EEF4108B9D3}
	EndGlobalSection
	GlobalSection(ExtensibilityGlobals) = postSolution
		SolutionGuid = {B9E5E33F-AD9B-43AC-B2BC-BDC8EBA0BA46}
	EndGlobalSection
EndGlobal
